// !$*UTF8*$!
{
	archiveVersion = 1;
	classes = {
	};
	objectVersion = 50;
	objects = {

/* Begin PBXBuildFile section */
		8214832C20A29F0C00098996 /* AppDelegate.swift in Sources */ = {isa = PBXBuildFile; fileRef = 8214832B20A29F0C00098996 /* AppDelegate.swift */; };
		8214832E20A29F0C00098996 /* UUIDGenerationViewController.swift in Sources */ = {isa = PBXBuildFile; fileRef = 8214832D20A29F0C00098996 /* UUIDGenerationViewController.swift */; };
		8214833120A29F0C00098996 /* Main.storyboard in Resources */ = {isa = PBXBuildFile; fileRef = 8214832F20A29F0C00098996 /* Main.storyboard */; };
		8214833320A29F0D00098996 /* Assets.xcassets in Resources */ = {isa = PBXBuildFile; fileRef = 8214833220A29F0D00098996 /* Assets.xcassets */; };
		8214833620A29F0D00098996 /* LaunchScreen.storyboard in Resources */ = {isa = PBXBuildFile; fileRef = 8214833420A29F0D00098996 /* LaunchScreen.storyboard */; };
		8214833E20A2A32D00098996 /* UUIDGenerationView.swift in Sources */ = {isa = PBXBuildFile; fileRef = 8214833D20A2A32D00098996 /* UUIDGenerationView.swift */; };
		8214834020A2A4E800098996 /* UUIDGenerationViewModel.swift in Sources */ = {isa = PBXBuildFile; fileRef = 8214833F20A2A4E800098996 /* UUIDGenerationViewModel.swift */; };
		8214834220A2A5CF00098996 /* UUIDModel.swift in Sources */ = {isa = PBXBuildFile; fileRef = 8214834120A2A5CF00098996 /* UUIDModel.swift */; };
		FB7F6DB1A32A0137FA8F8E45 /* Pods_UUIDGenerator_MVVM.framework in Frameworks */ = {isa = PBXBuildFile; fileRef = 39076051B26F25BDF34ED384 /* Pods_UUIDGenerator_MVVM.framework */; };
/* End PBXBuildFile section */

/* Begin PBXFileReference section */
		39076051B26F25BDF34ED384 /* Pods_UUIDGenerator_MVVM.framework */ = {isa = PBXFileReference; explicitFileType = wrapper.framework; includeInIndex = 0; path = Pods_UUIDGenerator_MVVM.framework; sourceTree = BUILT_PRODUCTS_DIR; };
		467F4F76E08D7173872AA294 /* Pods-UUIDGenerator-MVVM.debug.xcconfig */ = {isa = PBXFileReference; includeInIndex = 1; lastKnownFileType = text.xcconfig; name = "Pods-UUIDGenerator-MVVM.debug.xcconfig"; path = "Pods/Target Support Files/Pods-UUIDGenerator-MVVM/Pods-UUIDGenerator-MVVM.debug.xcconfig"; sourceTree = "<group>"; };
		8214832820A29F0C00098996 /* UUIDGenerator-MVVM.app */ = {isa = PBXFileReference; explicitFileType = wrapper.application; includeInIndex = 0; path = "UUIDGenerator-MVVM.app"; sourceTree = BUILT_PRODUCTS_DIR; };
		8214832B20A29F0C00098996 /* AppDelegate.swift */ = {isa = PBXFileReference; lastKnownFileType = sourcecode.swift; path = AppDelegate.swift; sourceTree = "<group>"; };
		8214832D20A29F0C00098996 /* UUIDGenerationViewController.swift */ = {isa = PBXFileReference; lastKnownFileType = sourcecode.swift; path = UUIDGenerationViewController.swift; sourceTree = "<group>"; };
		8214833020A29F0C00098996 /* Base */ = {isa = PBXFileReference; lastKnownFileType = file.storyboard; name = Base; path = Base.lproj/Main.storyboard; sourceTree = "<group>"; };
		8214833220A29F0D00098996 /* Assets.xcassets */ = {isa = PBXFileReference; lastKnownFileType = folder.assetcatalog; path = Assets.xcassets; sourceTree = "<group>"; };
		8214833520A29F0D00098996 /* Base */ = {isa = PBXFileReference; lastKnownFileType = file.storyboard; name = Base; path = Base.lproj/LaunchScreen.storyboard; sourceTree = "<group>"; };
		8214833720A29F0D00098996 /* Info.plist */ = {isa = PBXFileReference; lastKnownFileType = text.plist.xml; path = Info.plist; sourceTree = "<group>"; };
		8214833D20A2A32D00098996 /* UUIDGenerationView.swift */ = {isa = PBXFileReference; lastKnownFileType = sourcecode.swift; path = UUIDGenerationView.swift; sourceTree = "<group>"; };
		8214833F20A2A4E800098996 /* UUIDGenerationViewModel.swift */ = {isa = PBXFileReference; lastKnownFileType = sourcecode.swift; path = UUIDGenerationViewModel.swift; sourceTree = "<group>"; };
		8214834120A2A5CF00098996 /* UUIDModel.swift */ = {isa = PBXFileReference; lastKnownFileType = sourcecode.swift; path = UUIDModel.swift; sourceTree = "<group>"; };
		EACFF9552C7C94AE62AB8925 /* Pods-UUIDGenerator-MVVM.release.xcconfig */ = {isa = PBXFileReference; includeInIndex = 1; lastKnownFileType = text.xcconfig; name = "Pods-UUIDGenerator-MVVM.release.xcconfig"; path = "Pods/Target Support Files/Pods-UUIDGenerator-MVVM/Pods-UUIDGenerator-MVVM.release.xcconfig"; sourceTree = "<group>"; };
/* End PBXFileReference section */

/* Begin PBXFrameworksBuildPhase section */
		8214832520A29F0C00098996 /* Frameworks */ = {
			isa = PBXFrameworksBuildPhase;
			buildActionMask = 2147483647;
			files = (
				FB7F6DB1A32A0137FA8F8E45 /* Pods_UUIDGenerator_MVVM.framework in Frameworks */,
			);
			runOnlyForDeploymentPostprocessing = 0;
		};
/* End PBXFrameworksBuildPhase section */

/* Begin PBXGroup section */
		8214831F20A29F0C00098996 = {
			isa = PBXGroup;
			children = (
				8214832A20A29F0C00098996 /* UUIDGenerator-MVVM */,
				8214832920A29F0C00098996 /* Products */,
				BB82DFE0254D7440FC592A53 /* Pods */,
				B7F3F4CEF0FFA7CD6A4881D7 /* Frameworks */,
			);
			sourceTree = "<group>";
		};
		8214832920A29F0C00098996 /* Products */ = {
			isa = PBXGroup;
			children = (
				8214832820A29F0C00098996 /* UUIDGenerator-MVVM.app */,
			);
			name = Products;
			sourceTree = "<group>";
		};
		8214832A20A29F0C00098996 /* UUIDGenerator-MVVM */ = {
			isa = PBXGroup;
			children = (
				8214832B20A29F0C00098996 /* AppDelegate.swift */,
				8214832D20A29F0C00098996 /* UUIDGenerationViewController.swift */,
				8214833D20A2A32D00098996 /* UUIDGenerationView.swift */,
				8214833F20A2A4E800098996 /* UUIDGenerationViewModel.swift */,
				8214834120A2A5CF00098996 /* UUIDModel.swift */,
				8214832F20A29F0C00098996 /* Main.storyboard */,
				8214833220A29F0D00098996 /* Assets.xcassets */,
				8214833420A29F0D00098996 /* LaunchScreen.storyboard */,
				8214833720A29F0D00098996 /* Info.plist */,
			);
			path = "UUIDGenerator-MVVM";
			sourceTree = "<group>";
		};
		B7F3F4CEF0FFA7CD6A4881D7 /* Frameworks */ = {
			isa = PBXGroup;
			children = (
				39076051B26F25BDF34ED384 /* Pods_UUIDGenerator_MVVM.framework */,
			);
			name = Frameworks;
			sourceTree = "<group>";
		};
		BB82DFE0254D7440FC592A53 /* Pods */ = {
			isa = PBXGroup;
			children = (
				467F4F76E08D7173872AA294 /* Pods-UUIDGenerator-MVVM.debug.xcconfig */,
				EACFF9552C7C94AE62AB8925 /* Pods-UUIDGenerator-MVVM.release.xcconfig */,
			);
			name = Pods;
			sourceTree = "<group>";
		};
/* End PBXGroup section */

/* Begin PBXNativeTarget section */
		8214832720A29F0C00098996 /* UUIDGenerator-MVVM */ = {
			isa = PBXNativeTarget;
			buildConfigurationList = 8214833A20A29F0D00098996 /* Build configuration list for PBXNativeTarget "UUIDGenerator-MVVM" */;
			buildPhases = (
				1C784B03ED45F25671BBA978 /* [CP] Check Pods Manifest.lock */,
				8214832420A29F0C00098996 /* Sources */,
				8214832520A29F0C00098996 /* Frameworks */,
				8214832620A29F0C00098996 /* Resources */,
				D7CEEAEF22B3397A1351DAF4 /* [CP] Embed Pods Frameworks */,
			);
			buildRules = (
			);
			dependencies = (
			);
			name = "UUIDGenerator-MVVM";
			productName = "UUIDGenerator-MVVM";
			productReference = 8214832820A29F0C00098996 /* UUIDGenerator-MVVM.app */;
			productType = "com.apple.product-type.application";
		};
/* End PBXNativeTarget section */

/* Begin PBXProject section */
		8214832020A29F0C00098996 /* Project object */ = {
			isa = PBXProject;
			attributes = {
				LastSwiftUpdateCheck = 0930;
				LastUpgradeCheck = 0930;
				ORGANIZATIONNAME = mhlee;
				TargetAttributes = {
					8214832720A29F0C00098996 = {
						CreatedOnToolsVersion = 9.3;
					};
				};
			};
			buildConfigurationList = 8214832320A29F0C00098996 /* Build configuration list for PBXProject "UUIDGenerator-MVVM" */;
			compatibilityVersion = "Xcode 9.3";
			developmentRegion = en;
			hasScannedForEncodings = 0;
			knownRegions = (
				en,
				Base,
			);
			mainGroup = 8214831F20A29F0C00098996;
			productRefGroup = 8214832920A29F0C00098996 /* Products */;
			projectDirPath = "";
			projectRoot = "";
			targets = (
				8214832720A29F0C00098996 /* UUIDGenerator-MVVM */,
			);
		};
/* End PBXProject section */

/* Begin PBXResourcesBuildPhase section */
		8214832620A29F0C00098996 /* Resources */ = {
			isa = PBXResourcesBuildPhase;
			buildActionMask = 2147483647;
			files = (
				8214833620A29F0D00098996 /* LaunchScreen.storyboard in Resources */,
				8214833320A29F0D00098996 /* Assets.xcassets in Resources */,
				8214833120A29F0C00098996 /* Main.storyboard in Resources */,
			);
			runOnlyForDeploymentPostprocessing = 0;
		};
/* End PBXResourcesBuildPhase section */

/* Begin PBXShellScriptBuildPhase section */
		1C784B03ED45F25671BBA978 /* [CP] Check Pods Manifest.lock */ = {
			isa = PBXShellScriptBuildPhase;
			buildActionMask = 2147483647;
			files = (
			);
			inputPaths = (
				"${PODS_PODFILE_DIR_PATH}/Podfile.lock",
				"${PODS_ROOT}/Manifest.lock",
			);
			name = "[CP] Check Pods Manifest.lock";
			outputPaths = (
				"$(DERIVED_FILE_DIR)/Pods-UUIDGenerator-MVVM-checkManifestLockResult.txt",
			);
			runOnlyForDeploymentPostprocessing = 0;
			shellPath = /bin/sh;
			shellScript = "diff \"${PODS_PODFILE_DIR_PATH}/Podfile.lock\" \"${PODS_ROOT}/Manifest.lock\" > /dev/null\nif [ $? != 0 ] ; then\n    # print error to STDERR\n    echo \"error: The sandbox is not in sync with the Podfile.lock. Run 'pod install' or update your CocoaPods installation.\" >&2\n    exit 1\nfi\n# This output is used by Xcode 'outputs' to avoid re-running this script phase.\necho \"SUCCESS\" > \"${SCRIPT_OUTPUT_FILE_0}\"\n";
			showEnvVarsInLog = 0;
		};
		D7CEEAEF22B3397A1351DAF4 /* [CP] Embed Pods Frameworks */ = {
			isa = PBXShellScriptBuildPhase;
			buildActionMask = 2147483647;
			files = (
			);
			inputPaths = (
				"${SRCROOT}/Pods/Target Support Files/Pods-UUIDGenerator-MVVM/Pods-UUIDGenerator-MVVM-frameworks.sh",
				"${BUILT_PRODUCTS_DIR}/RxCocoa/RxCocoa.framework",
				"${BUILT_PRODUCTS_DIR}/RxSwift/RxSwift.framework",
				"${BUILT_PRODUCTS_DIR}/SnapKit/SnapKit.framework",
			);
			name = "[CP] Embed Pods Frameworks";
			outputPaths = (
				"${TARGET_BUILD_DIR}/${FRAMEWORKS_FOLDER_PATH}/RxCocoa.framework",
				"${TARGET_BUILD_DIR}/${FRAMEWORKS_FOLDER_PATH}/RxSwift.framework",
				"${TARGET_BUILD_DIR}/${FRAMEWORKS_FOLDER_PATH}/SnapKit.framework",
			);
			runOnlyForDeploymentPostprocessing = 0;
			shellPath = /bin/sh;
			shellScript = "\"${SRCROOT}/Pods/Target Support Files/Pods-UUIDGenerator-MVVM/Pods-UUIDGenerator-MVVM-frameworks.sh\"\n";
			showEnvVarsInLog = 0;
		};
/* End PBXShellScriptBuildPhase section */

/* Begin PBXSourcesBuildPhase section */
		8214832420A29F0C00098996 /* Sources */ = {
			isa = PBXSourcesBuildPhase;
			buildActionMask = 2147483647;
			files = (
				8214832E20A29F0C00098996 /* UUIDGenerationViewController.swift in Sources */,
				8214834020A2A4E800098996 /* UUIDGenerationViewModel.swift in Sources */,
				8214832C20A29F0C00098996 /* AppDelegate.swift in Sources */,
				8214834220A2A5CF00098996 /* UUIDModel.swift in Sources */,
				8214833E20A2A32D00098996 /* UUIDGenerationView.swift in Sources */,
			);
			runOnlyForDeploymentPostprocessing = 0;
		};
/* End PBXSourcesBuildPhase section */

/* Begin PBXVariantGroup section */
		8214832F20A29F0C00098996 /* Main.storyboard */ = {
			isa = PBXVariantGroup;
			children = (
				8214833020A29F0C00098996 /* Base */,
			);
			name = Main.storyboard;
			sourceTree = "<group>";
		};
		8214833420A29F0D00098996 /* LaunchScreen.storyboard */ = {
			isa = PBXVariantGroup;
			children = (
				8214833520A29F0D00098996 /* Base */,
			);
			name = LaunchScreen.storyboard;
			sourceTree = "<group>";
		};
/* End PBXVariantGroup section */

/* Begin XCBuildConfiguration section */
		8214833820A29F0D00098996 /* Debug */ = {
			isa = XCBuildConfiguration;
			buildSettings = {
				ALWAYS_SEARCH_USER_PATHS = NO;
				CLANG_ANALYZER_NONNULL = YES;
				CLANG_ANALYZER_NUMBER_OBJECT_CONVERSION = YES_AGGRESSIVE;
				CLANG_CXX_LANGUAGE_STANDARD = "gnu++14";
				CLANG_CXX_LIBRARY = "libc++";
				CLANG_ENABLE_MODULES = YES;
				CLANG_ENABLE_OBJC_ARC = YES;
				CLANG_ENABLE_OBJC_WEAK = YES;
				CLANG_WARN_BLOCK_CAPTURE_AUTORELEASING = YES;
				CLANG_WARN_BOOL_CONVERSION = YES;
				CLANG_WARN_COMMA = YES;
				CLANG_WARN_CONSTANT_CONVERSION = YES;
				CLANG_WARN_DEPRECATED_OBJC_IMPLEMENTATIONS = YES;
				CLANG_WARN_DIRECT_OBJC_ISA_USAGE = YES_ERROR;
				CLANG_WARN_DOCUMENTATION_COMMENTS = YES;
				CLANG_WARN_EMPTY_BODY = YES;
				CLANG_WARN_ENUM_CONVERSION = YES;
				CLANG_WARN_INFINITE_RECURSION = YES;
				CLANG_WARN_INT_CONVERSION = YES;
				CLANG_WARN_NON_LITERAL_NULL_CONVERSION = YES;
				CLANG_WARN_OBJC_IMPLICIT_RETAIN_SELF = YES;
				CLANG_WARN_OBJC_LITERAL_CONVERSION = YES;
				CLANG_WARN_OBJC_ROOT_CLASS = YES_ERROR;
				CLANG_WARN_RANGE_LOOP_ANALYSIS = YES;
				CLANG_WARN_STRICT_PROTOTYPES = YES;
				CLANG_WARN_SUSPICIOUS_MOVE = YES;
				CLANG_WARN_UNGUARDED_AVAILABILITY = YES_AGGRESSIVE;
				CLANG_WARN_UNREACHABLE_CODE = YES;
				CLANG_WARN__DUPLICATE_METHOD_MATCH = YES;
				CODE_SIGN_IDENTITY = "iPhone Developer";
				COPY_PHASE_STRIP = NO;
				DEBUG_INFORMATION_FORMAT = dwarf;
				ENABLE_STRICT_OBJC_MSGSEND = YES;
				ENABLE_TESTABILITY = YES;
				GCC_C_LANGUAGE_STANDARD = gnu11;
				GCC_DYNAMIC_NO_PIC = NO;
				GCC_NO_COMMON_BLOCKS = YES;
				GCC_OPTIMIZATION_LEVEL = 0;
				GCC_PREPROCESSOR_DEFINITIONS = (
					"DEBUG=1",
					"$(inherited)",
				);
				GCC_WARN_64_TO_32_BIT_CONVERSION = YES;
				GCC_WARN_ABOUT_RETURN_TYPE = YES_ERROR;
				GCC_WARN_UNDECLARED_SELECTOR = YES;
				GCC_WARN_UNINITIALIZED_AUTOS = YES_AGGRESSIVE;
				GCC_WARN_UNUSED_FUNCTION = YES;
				GCC_WARN_UNUSED_VARIABLE = YES;
				IPHONEOS_DEPLOYMENT_TARGET = 11.3;
				MTL_ENABLE_DEBUG_INFO = YES;
				ONLY_ACTIVE_ARCH = YES;
				SDKROOT = iphoneos;
				SWIFT_ACTIVE_COMPILATION_CONDITIONS = DEBUG;
				SWIFT_OPTIMIZATION_LEVEL = "-Onone";
			};
			name = Debug;
		};
		8214833920A29F0D00098996 /* Release */ = {
			isa = XCBuildConfiguration;
			buildSettings = {
				ALWAYS_SEARCH_USER_PATHS = NO;
				CLANG_ANALYZER_NONNULL = YES;
				CLANG_ANALYZER_NUMBER_OBJECT_CONVERSION = YES_AGGRESSIVE;
				CLANG_CXX_LANGUAGE_STANDARD = "gnu++14";
				CLANG_CXX_LIBRARY = "libc++";
				CLANG_ENABLE_MODULES = YES;
				CLANG_ENABLE_OBJC_ARC = YES;
				CLANG_ENABLE_OBJC_WEAK = YES;
				CLANG_WARN_BLOCK_CAPTURE_AUTORELEASING = YES;
				CLANG_WARN_BOOL_CONVERSION = YES;
				CLANG_WARN_COMMA = YES;
				CLANG_WARN_CONSTANT_CONVERSION = YES;
				CLANG_WARN_DEPRECATED_OBJC_IMPLEMENTATIONS = YES;
				CLANG_WARN_DIRECT_OBJC_ISA_USAGE = YES_ERROR;
				CLANG_WARN_DOCUMENTATION_COMMENTS = YES;
				CLANG_WARN_EMPTY_BODY = YES;
				CLANG_WARN_ENUM_CONVERSION = YES;
				CLANG_WARN_INFINITE_RECURSION = YES;
				CLANG_WARN_INT_CONVERSION = YES;
				CLANG_WARN_NON_LITERAL_NULL_CONVERSION = YES;
				CLANG_WARN_OBJC_IMPLICIT_RETAIN_SELF = YES;
				CLANG_WARN_OBJC_LITERAL_CONVERSION = YES;
				CLANG_WARN_OBJC_ROOT_CLASS = YES_ERROR;
				CLANG_WARN_RANGE_LOOP_ANALYSIS = YES;
				CLANG_WARN_STRICT_PROTOTYPES = YES;
				CLANG_WARN_SUSPICIOUS_MOVE = YES;
				CLANG_WARN_UNGUARDED_AVAILABILITY = YES_AGGRESSIVE;
				CLANG_WARN_UNREACHABLE_CODE = YES;
				CLANG_WARN__DUPLICATE_METHOD_MATCH = YES;
				CODE_SIGN_IDENTITY = "iPhone Developer";
				COPY_PHASE_STRIP = NO;
				DEBUG_INFORMATION_FORMAT = "dwarf-with-dsym";
				ENABLE_NS_ASSERTIONS = NO;
				ENABLE_STRICT_OBJC_MSGSEND = YES;
				GCC_C_LANGUAGE_STANDARD = gnu11;
				GCC_NO_COMMON_BLOCKS = YES;
				GCC_WARN_64_TO_32_BIT_CONVERSION = YES;
				GCC_WARN_ABOUT_RETURN_TYPE = YES_ERROR;
				GCC_WARN_UNDECLARED_SELECTOR = YES;
				GCC_WARN_UNINITIALIZED_AUTOS = YES_AGGRESSIVE;
				GCC_WARN_UNUSED_FUNCTION = YES;
				GCC_WARN_UNUSED_VARIABLE = YES;
				IPHONEOS_DEPLOYMENT_TARGET = 11.3;
				MTL_ENABLE_DEBUG_INFO = NO;
				SDKROOT = iphoneos;
				SWIFT_COMPILATION_MODE = wholemodule;
				SWIFT_OPTIMIZATION_LEVEL = "-O";
				VALIDATE_PRODUCT = YES;
			};
			name = Release;
		};
		8214833B20A29F0D00098996 /* Debug */ = {
			isa = XCBuildConfiguration;
			baseConfigurationReference = 467F4F76E08D7173872AA294 /* Pods-UUIDGenerator-MVVM.debug.xcconfig */;
			buildSettings = {
				ASSETCATALOG_COMPILER_APPICON_NAME = AppIcon;
				CODE_SIGN_STYLE = Automatic;
				DEVELOPMENT_TEAM = VVKN5X3HDD;
				INFOPLIST_FILE = "UUIDGenerator-MVVM/Info.plist";
				LD_RUNPATH_SEARCH_PATHS = (
					"$(inherited)",
					"@executable_path/Frameworks",
				);
				PRODUCT_BUNDLE_IDENTIFIER = "me.insertcoin.app.UUIDGenerator-MVVM";
				PRODUCT_NAME = "$(TARGET_NAME)";
				SWIFT_VERSION = 4.0;
				TARGETED_DEVICE_FAMILY = "1,2";
			};
			name = Debug;
		};
		8214833C20A29F0D00098996 /* Release */ = {
			isa = XCBuildConfiguration;
			baseConfigurationReference = EACFF9552C7C94AE62AB8925 /* Pods-UUIDGenerator-MVVM.release.xcconfig */;
			buildSettings = {
				ASSETCATALOG_COMPILER_APPICON_NAME = AppIcon;
				CODE_SIGN_STYLE = Automatic;
				DEVELOPMENT_TEAM = VVKN5X3HDD;
				INFOPLIST_FILE = "UUIDGenerator-MVVM/Info.plist";
				LD_RUNPATH_SEARCH_PATHS = (
					"$(inherited)",
					"@executable_path/Frameworks",
				);
				PRODUCT_BUNDLE_IDENTIFIER = "me.insertcoin.app.UUIDGenerator-MVVM";
				PRODUCT_NAME = "$(TARGET_NAME)";
				SWIFT_VERSION = 4.0;
				TARGETED_DEVICE_FAMILY = "1,2";
			};
			name = Release;
		};
/* End XCBuildConfiguration section */

/* Begin XCConfigurationList section */
		8214832320A29F0C00098996 /* Build configuration list for PBXProject "UUIDGenerator-MVVM" */ = {
			isa = XCConfigurationList;
			buildConfigurations = (
				8214833820A29F0D00098996 /* Debug */,
				8214833920A29F0D00098996 /* Release */,
			);
			defaultConfigurationIsVisible = 0;
			defaultConfigurationName = Release;
		};
		8214833A20A29F0D00098996 /* Build configuration list for PBXNativeTarget "UUIDGenerator-MVVM" */ = {
			isa = XCConfigurationList;
			buildConfigurations = (
				8214833B20A29F0D00098996 /* Debug */,
				8214833C20A29F0D00098996 /* Release */,
			);
			defaultConfigurationIsVisible = 0;
			defaultConfigurationName = Release;
		};
/* End XCConfigurationList section */
	};
	rootObject = 8214832020A29F0C00098996 /* Project object */;
}
